
Microsoft Visual Studio Solution File, Format Version 12.00
Project("{2150E333-8FDC-42A3-9474-1A3956D46DE8}") = "01. Author", "01. Author", "{164830DE-8645-43DF-A7A4-364DD2ADDAA1}"
EndProject
Project("{FAE04EC0-301F-11D3-BF4B-00C04F79EFBC}") = "BookAndMore.Author.Api", "01. Author\BookAndMore.Author.Api\BookAndMore.Author.Api.csproj", "{1CDA06E6-5D32-4DCA-91BE-EF5961611A90}"
EndProject
Project("{FAE04EC0-301F-11D3-BF4B-00C04F79EFBC}") = "BookAndMore.Author.Domain", "01. Author\BookAndMore.Author.Domain\BookAndMore.Author.Domain.csproj", "{921A483B-EB8D-4F98-A022-44E88CFE76C8}"
EndProject
Project("{FAE04EC0-301F-11D3-BF4B-00C04F79EFBC}") = "BookAndMore.Author.Infrastructure", "01. Author\BookAndMore.Author.Infrastructure\BookAndMore.Author.Infrastructure.csproj", "{AB24C657-9410-4462-84A0-A8C103EDC8B3}"
EndProject
Project("{FAE04EC0-301F-11D3-BF4B-00C04F79EFBC}") = "BookAndMore.Author.Persistance", "01. Author\BookAndMore.Author.Persistance\BookAndMore.Author.Persistance.csproj", "{63A12523-EF49-41A2-9AE7-7A72EF8DE0C7}"
EndProject
Project("{FAE04EC0-301F-11D3-BF4B-00C04F79EFBC}") = "BookAndMore.Author.Application", "01. Author\BookAndMore.Author.Application\BookAndMore.Author.Application.csproj", "{9C0EE3FD-387B-42A6-9AD3-1E57C2B01155}"
EndProject
Project("{2150E333-8FDC-42A3-9474-1A3956D46DE8}") = "Commons", "Commons", "{70E02AE9-2849-4D59-A8E5-C02CBA10A943}"
EndProject
Project("{FAE04EC0-301F-11D3-BF4B-00C04F79EFBC}") = "BookAndMore.Commons.Application", "Commons\BookAndMore.Commons.Application\BookAndMore.Commons.Application.csproj", "{6C7254C9-77C8-40C5-8FEE-78604690759E}"
EndProject
Project("{FAE04EC0-301F-11D3-BF4B-00C04F79EFBC}") = "BookAndMore.Commons.Domain", "Commons\BookAndMore.Commons.Domain\BookAndMore.Commons.Domain.csproj", "{7BD42685-940E-4148-82E0-9C5C9B7E8038}"
EndProject
Project("{FAE04EC0-301F-11D3-BF4B-00C04F79EFBC}") = "BookAndMore.Commons.Persistance", "Commons\BookAndMore.Commons.Persistance\BookAndMore.Commons.Persistance.csproj", "{7BDD70ED-F0E1-45B8-97A0-FC490D29127F}"
EndProject
Project("{2150E333-8FDC-42A3-9474-1A3956D46DE8}") = "02. Book", "02. Book", "{C7DAF9BD-C29B-41AF-AC0C-3E4D7B21495B}"
EndProject
Project("{FAE04EC0-301F-11D3-BF4B-00C04F79EFBC}") = "BookAndMore.Book.Api", "02. Book\BookAndMore.Book.Api\BookAndMore.Book.Api.csproj", "{38C3B4F9-7458-45C2-BFCA-4C3CAFC40FCA}"
EndProject
Project("{FAE04EC0-301F-11D3-BF4B-00C04F79EFBC}") = "BookAndMore.Book.Application", "02. Book\BookAndMore.Book.Application\BookAndMore.Book.Application.csproj", "{43ED9875-BB75-40BA-AAB6-544FF1EA0659}"
EndProject
Project("{FAE04EC0-301F-11D3-BF4B-00C04F79EFBC}") = "BookAndMore.Book.Domain", "02. Book\BookAndMore.Book.Domain\BookAndMore.Book.Domain.csproj", "{462C92B0-99CD-45F9-9B18-4127A9265C07}"
EndProject
Project("{FAE04EC0-301F-11D3-BF4B-00C04F79EFBC}") = "BookAndMore.Book.Infrastructure", "02. Book\BookAndMore.Book.Infrastructure\BookAndMore.Book.Infrastructure.csproj", "{D63D4978-AB9D-486F-9BCA-427A74E952F0}"
EndProject
Project("{FAE04EC0-301F-11D3-BF4B-00C04F79EFBC}") = "BookAndMore.Book.Persistence", "02. Book\BookAndMore.Book.Persistence\BookAndMore.Book.Persistence.csproj", "{E52CC0F1-73B7-48CF-8BFD-32AABFBCADEA}"
EndProject
Project("{FAE04EC0-301F-11D3-BF4B-00C04F79EFBC}") = "BookAndMore.Book.Proxy", "02. Book\BookAndMore.Book.Proxy\BookAndMore.Book.Proxy.csproj", "{334608FC-A4FA-417D-A2D2-BB575E7A4604}"
EndProject
Project("{2150E333-8FDC-42A3-9474-1A3956D46DE8}") = "Gateway", "Gateway", "{FEBD9B63-569D-4203-A814-7AC841DE97E3}"
EndProject
Project("{FAE04EC0-301F-11D3-BF4B-00C04F79EFBC}") = "BookAndMore.Gateway.Api", "Gateway\BookAndMore.Gateway.Api\BookAndMore.Gateway.Api.csproj", "{4D419A54-D3AD-44F7-ADE5-172C65B5B538}"
EndProject
Global
	GlobalSection(SolutionConfigurationPlatforms) = preSolution
		Debug|Any CPU = Debug|Any CPU
		Release|Any CPU = Release|Any CPU
	EndGlobalSection
	GlobalSection(NestedProjects) = preSolution
		{1CDA06E6-5D32-4DCA-91BE-EF5961611A90} = {164830DE-8645-43DF-A7A4-364DD2ADDAA1}
		{921A483B-EB8D-4F98-A022-44E88CFE76C8} = {164830DE-8645-43DF-A7A4-364DD2ADDAA1}
		{AB24C657-9410-4462-84A0-A8C103EDC8B3} = {164830DE-8645-43DF-A7A4-364DD2ADDAA1}
		{63A12523-EF49-41A2-9AE7-7A72EF8DE0C7} = {164830DE-8645-43DF-A7A4-364DD2ADDAA1}
		{9C0EE3FD-387B-42A6-9AD3-1E57C2B01155} = {164830DE-8645-43DF-A7A4-364DD2ADDAA1}
		{6C7254C9-77C8-40C5-8FEE-78604690759E} = {70E02AE9-2849-4D59-A8E5-C02CBA10A943}
		{7BD42685-940E-4148-82E0-9C5C9B7E8038} = {70E02AE9-2849-4D59-A8E5-C02CBA10A943}
		{7BDD70ED-F0E1-45B8-97A0-FC490D29127F} = {70E02AE9-2849-4D59-A8E5-C02CBA10A943}
		{38C3B4F9-7458-45C2-BFCA-4C3CAFC40FCA} = {C7DAF9BD-C29B-41AF-AC0C-3E4D7B21495B}
		{43ED9875-BB75-40BA-AAB6-544FF1EA0659} = {C7DAF9BD-C29B-41AF-AC0C-3E4D7B21495B}
		{462C92B0-99CD-45F9-9B18-4127A9265C07} = {C7DAF9BD-C29B-41AF-AC0C-3E4D7B21495B}
		{D63D4978-AB9D-486F-9BCA-427A74E952F0} = {C7DAF9BD-C29B-41AF-AC0C-3E4D7B21495B}
		{E52CC0F1-73B7-48CF-8BFD-32AABFBCADEA} = {C7DAF9BD-C29B-41AF-AC0C-3E4D7B21495B}
		{334608FC-A4FA-417D-A2D2-BB575E7A4604} = {C7DAF9BD-C29B-41AF-AC0C-3E4D7B21495B}
		{4D419A54-D3AD-44F7-ADE5-172C65B5B538} = {FEBD9B63-569D-4203-A814-7AC841DE97E3}
	EndGlobalSection
	GlobalSection(ProjectConfigurationPlatforms) = postSolution
		{1CDA06E6-5D32-4DCA-91BE-EF5961611A90}.Debug|Any CPU.ActiveCfg = Debug|Any CPU
		{1CDA06E6-5D32-4DCA-91BE-EF5961611A90}.Debug|Any CPU.Build.0 = Debug|Any CPU
		{1CDA06E6-5D32-4DCA-91BE-EF5961611A90}.Release|Any CPU.ActiveCfg = Release|Any CPU
		{1CDA06E6-5D32-4DCA-91BE-EF5961611A90}.Release|Any CPU.Build.0 = Release|Any CPU
		{921A483B-EB8D-4F98-A022-44E88CFE76C8}.Debug|Any CPU.ActiveCfg = Debug|Any CPU
		{921A483B-EB8D-4F98-A022-44E88CFE76C8}.Debug|Any CPU.Build.0 = Debug|Any CPU
		{921A483B-EB8D-4F98-A022-44E88CFE76C8}.Release|Any CPU.ActiveCfg = Release|Any CPU
		{921A483B-EB8D-4F98-A022-44E88CFE76C8}.Release|Any CPU.Build.0 = Release|Any CPU
		{AB24C657-9410-4462-84A0-A8C103EDC8B3}.Debug|Any CPU.ActiveCfg = Debug|Any CPU
		{AB24C657-9410-4462-84A0-A8C103EDC8B3}.Debug|Any CPU.Build.0 = Debug|Any CPU
		{AB24C657-9410-4462-84A0-A8C103EDC8B3}.Release|Any CPU.ActiveCfg = Release|Any CPU
		{AB24C657-9410-4462-84A0-A8C103EDC8B3}.Release|Any CPU.Build.0 = Release|Any CPU
		{63A12523-EF49-41A2-9AE7-7A72EF8DE0C7}.Debug|Any CPU.ActiveCfg = Debug|Any CPU
		{63A12523-EF49-41A2-9AE7-7A72EF8DE0C7}.Debug|Any CPU.Build.0 = Debug|Any CPU
		{63A12523-EF49-41A2-9AE7-7A72EF8DE0C7}.Release|Any CPU.ActiveCfg = Release|Any CPU
		{63A12523-EF49-41A2-9AE7-7A72EF8DE0C7}.Release|Any CPU.Build.0 = Release|Any CPU
		{9C0EE3FD-387B-42A6-9AD3-1E57C2B01155}.Debug|Any CPU.ActiveCfg = Debug|Any CPU
		{9C0EE3FD-387B-42A6-9AD3-1E57C2B01155}.Debug|Any CPU.Build.0 = Debug|Any CPU
		{9C0EE3FD-387B-42A6-9AD3-1E57C2B01155}.Release|Any CPU.ActiveCfg = Release|Any CPU
		{9C0EE3FD-387B-42A6-9AD3-1E57C2B01155}.Release|Any CPU.Build.0 = Release|Any CPU
		{6C7254C9-77C8-40C5-8FEE-78604690759E}.Debug|Any CPU.ActiveCfg = Debug|Any CPU
		{6C7254C9-77C8-40C5-8FEE-78604690759E}.Debug|Any CPU.Build.0 = Debug|Any CPU
		{6C7254C9-77C8-40C5-8FEE-78604690759E}.Release|Any CPU.ActiveCfg = Release|Any CPU
		{6C7254C9-77C8-40C5-8FEE-78604690759E}.Release|Any CPU.Build.0 = Release|Any CPU
		{7BD42685-940E-4148-82E0-9C5C9B7E8038}.Debug|Any CPU.ActiveCfg = Debug|Any CPU
		{7BD42685-940E-4148-82E0-9C5C9B7E8038}.Debug|Any CPU.Build.0 = Debug|Any CPU
		{7BD42685-940E-4148-82E0-9C5C9B7E8038}.Release|Any CPU.ActiveCfg = Release|Any CPU
		{7BD42685-940E-4148-82E0-9C5C9B7E8038}.Release|Any CPU.Build.0 = Release|Any CPU
		{7BDD70ED-F0E1-45B8-97A0-FC490D29127F}.Debug|Any CPU.ActiveCfg = Debug|Any CPU
		{7BDD70ED-F0E1-45B8-97A0-FC490D29127F}.Debug|Any CPU.Build.0 = Debug|Any CPU
		{7BDD70ED-F0E1-45B8-97A0-FC490D29127F}.Release|Any CPU.ActiveCfg = Release|Any CPU
		{7BDD70ED-F0E1-45B8-97A0-FC490D29127F}.Release|Any CPU.Build.0 = Release|Any CPU
		{38C3B4F9-7458-45C2-BFCA-4C3CAFC40FCA}.Debug|Any CPU.ActiveCfg = Debug|Any CPU
		{38C3B4F9-7458-45C2-BFCA-4C3CAFC40FCA}.Debug|Any CPU.Build.0 = Debug|Any CPU
		{38C3B4F9-7458-45C2-BFCA-4C3CAFC40FCA}.Release|Any CPU.ActiveCfg = Release|Any CPU
		{38C3B4F9-7458-45C2-BFCA-4C3CAFC40FCA}.Release|Any CPU.Build.0 = Release|Any CPU
		{43ED9875-BB75-40BA-AAB6-544FF1EA0659}.Debug|Any CPU.ActiveCfg = Debug|Any CPU
		{43ED9875-BB75-40BA-AAB6-544FF1EA0659}.Debug|Any CPU.Build.0 = Debug|Any CPU
		{43ED9875-BB75-40BA-AAB6-544FF1EA0659}.Release|Any CPU.ActiveCfg = Release|Any CPU
		{43ED9875-BB75-40BA-AAB6-544FF1EA0659}.Release|Any CPU.Build.0 = Release|Any CPU
		{462C92B0-99CD-45F9-9B18-4127A9265C07}.Debug|Any CPU.ActiveCfg = Debug|Any CPU
		{462C92B0-99CD-45F9-9B18-4127A9265C07}.Debug|Any CPU.Build.0 = Debug|Any CPU
		{462C92B0-99CD-45F9-9B18-4127A9265C07}.Release|Any CPU.ActiveCfg = Release|Any CPU
		{462C92B0-99CD-45F9-9B18-4127A9265C07}.Release|Any CPU.Build.0 = Release|Any CPU
		{D63D4978-AB9D-486F-9BCA-427A74E952F0}.Debug|Any CPU.ActiveCfg = Debug|Any CPU
		{D63D4978-AB9D-486F-9BCA-427A74E952F0}.Debug|Any CPU.Build.0 = Debug|Any CPU
		{D63D4978-AB9D-486F-9BCA-427A74E952F0}.Release|Any CPU.ActiveCfg = Release|Any CPU
		{D63D4978-AB9D-486F-9BCA-427A74E952F0}.Release|Any CPU.Build.0 = Release|Any CPU
		{E52CC0F1-73B7-48CF-8BFD-32AABFBCADEA}.Debug|Any CPU.ActiveCfg = Debug|Any CPU
		{E52CC0F1-73B7-48CF-8BFD-32AABFBCADEA}.Debug|Any CPU.Build.0 = Debug|Any CPU
		{E52CC0F1-73B7-48CF-8BFD-32AABFBCADEA}.Release|Any CPU.ActiveCfg = Release|Any CPU
		{E52CC0F1-73B7-48CF-8BFD-32AABFBCADEA}.Release|Any CPU.Build.0 = Release|Any CPU
		{334608FC-A4FA-417D-A2D2-BB575E7A4604}.Debug|Any CPU.ActiveCfg = Debug|Any CPU
		{334608FC-A4FA-417D-A2D2-BB575E7A4604}.Debug|Any CPU.Build.0 = Debug|Any CPU
		{334608FC-A4FA-417D-A2D2-BB575E7A4604}.Release|Any CPU.ActiveCfg = Release|Any CPU
		{334608FC-A4FA-417D-A2D2-BB575E7A4604}.Release|Any CPU.Build.0 = Release|Any CPU
		{4D419A54-D3AD-44F7-ADE5-172C65B5B538}.Debug|Any CPU.ActiveCfg = Debug|Any CPU
		{4D419A54-D3AD-44F7-ADE5-172C65B5B538}.Debug|Any CPU.Build.0 = Debug|Any CPU
		{4D419A54-D3AD-44F7-ADE5-172C65B5B538}.Release|Any CPU.ActiveCfg = Release|Any CPU
		{4D419A54-D3AD-44F7-ADE5-172C65B5B538}.Release|Any CPU.Build.0 = Release|Any CPU
	EndGlobalSection
EndGlobal
