
Microsoft Visual Studio Solution File, Format Version 12.00
# Visual Studio Version 17
VisualStudioVersion = 17.3.32929.385
MinimumVisualStudioVersion = 10.0.40219.1
Project("{FAE04EC0-301F-11D3-BF4B-00C04F79EFBC}") = "BookAndMore.Book.Api", "BookAndMore.Book.Api.csproj", "{9BA9D38B-66A9-42BA-A5F7-BCD4A1C1194F}"
EndProject
Global
	GlobalSection(SolutionConfigurationPlatforms) = preSolution
		Debug|Any CPU = Debug|Any CPU
		Release|Any CPU = Release|Any CPU
	EndGlobalSection
	GlobalSection(ProjectConfigurationPlatforms) = postSolution
		{9BA9D38B-66A9-42BA-A5F7-BCD4A1C1194F}.Debug|Any CPU.ActiveCfg = Debug|Any CPU
		{9BA9D38B-66A9-42BA-A5F7-BCD4A1C1194F}.Debug|Any CPU.Build.0 = Debug|Any CPU
		{9BA9D38B-66A9-42BA-A5F7-BCD4A1C1194F}.Release|Any CPU.ActiveCfg = Release|Any CPU
		{9BA9D38B-66A9-42BA-A5F7-BCD4A1C1194F}.Release|Any CPU.Build.0 = Release|Any CPU
	EndGlobalSection
	GlobalSection(SolutionProperties) = preSolution
		HideSolutionNode = FALSE
	EndGlobalSection
	GlobalSection(ExtensibilityGlobals) = postSolution
		SolutionGuid = {44800933-4B92-41B5-AE21-2968369184D7}
	EndGlobalSection
EndGlobal
